
Microsoft Visual Studio Solution File, Format Version 12.00
# Visual Studio Version 17
VisualStudioVersion = 17.7.34031.279
MinimumVisualStudioVersion = 10.0.40219.1
Project("{8BC9CEB8-8B4A-11D0-8D11-00A0C91BC942}") = "Contact_SeqList", "Contact_SeqList.vcxproj", "{332CA4E3-DFED-477A-BF60-3702CFAD4F1F}"
EndProject
Global
	GlobalSection(SolutionConfigurationPlatforms) = preSolution
		Debug|x64 = Debug|x64
		Debug|x86 = Debug|x86
		Release|x64 = Release|x64
		Release|x86 = Release|x86
	EndGlobalSection
	GlobalSection(ProjectConfigurationPlatforms) = postSolution
		{332CA4E3-DFED-477A-BF60-3702CFAD4F1F}.Debug|x64.ActiveCfg = Debug|x64
		{332CA4E3-DFED-477A-BF60-3702CFAD4F1F}.Debug|x64.Build.0 = Debug|x64
		{332CA4E3-DFED-477A-BF60-3702CFAD4F1F}.Debug|x86.ActiveCfg = Debug|Win32
		{332CA4E3-DFED-477A-BF60-3702CFAD4F1F}.Debug|x86.Build.0 = Debug|Win32
		{332CA4E3-DFED-477A-BF60-3702CFAD4F1F}.Release|x64.ActiveCfg = Release|x64
		{332CA4E3-DFED-477A-BF60-3702CFAD4F1F}.Release|x64.Build.0 = Release|x64
		{332CA4E3-DFED-477A-BF60-3702CFAD4F1F}.Release|x86.ActiveCfg = Release|Win32
		{332CA4E3-DFED-477A-BF60-3702CFAD4F1F}.Release|x86.Build.0 = Release|Win32
	EndGlobalSection
	GlobalSection(SolutionProperties) = preSolution
		HideSolutionNode = FALSE
	EndGlobalSection
	GlobalSection(ExtensibilityGlobals) = postSolution
		SolutionGuid = {EFB2248C-F4E5-423D-BDBF-B3ADD813CFE1}
	EndGlobalSection
EndGlobal
